
Microsoft Visual Studio Solution File, Format Version 12.00
Project("{FAE04EC0-301F-11D3-BF4B-00C04F79EFBC}") = "EFCore", "EFCore.csproj", "{7E3E21D3-EAC0-47C6-961F-BDBD80E3245C}"
EndProject
Global
	GlobalSection(SolutionConfigurationPlatforms) = preSolution
		Debug|Any CPU = Debug|Any CPU
		Release|Any CPU = Release|Any CPU
	EndGlobalSection
	GlobalSection(ProjectConfigurationPlatforms) = postSolution
		{7E3E21D3-EAC0-47C6-961F-BDBD80E3245C}.Debug|Any CPU.ActiveCfg = Debug|Any CPU
		{7E3E21D3-EAC0-47C6-961F-BDBD80E3245C}.Debug|Any CPU.Build.0 = Debug|Any CPU
		{7E3E21D3-EAC0-47C6-961F-BDBD80E3245C}.Release|Any CPU.ActiveCfg = Release|Any CPU
		{7E3E21D3-EAC0-47C6-961F-BDBD80E3245C}.Release|Any CPU.Build.0 = Release|Any CPU
	EndGlobalSection
EndGlobal
